
Microsoft Visual Studio Solution File, Format Version 12.00
# Visual Studio Version 16
VisualStudioVersion = 16.0.31624.102
MinimumVisualStudioVersion = 10.0.40219.1
Project("{FAE04EC0-301F-11D3-BF4B-00C04F79EFBC}") = "Event_example", "Event_example\Event_example.csproj", "{90E81380-138B-49B5-997E-6C69C1DD320E}"
EndProject
Global
	GlobalSection(SolutionConfigurationPlatforms) = preSolution
		Debug|Any CPU = Debug|Any CPU
		Release|Any CPU = Release|Any CPU
	EndGlobalSection
	GlobalSection(ProjectConfigurationPlatforms) = postSolution
		{90E81380-138B-49B5-997E-6C69C1DD320E}.Debug|Any CPU.ActiveCfg = Debug|Any CPU
		{90E81380-138B-49B5-997E-6C69C1DD320E}.Debug|Any CPU.Build.0 = Debug|Any CPU
		{90E81380-138B-49B5-997E-6C69C1DD320E}.Release|Any CPU.ActiveCfg = Release|Any CPU
		{90E81380-138B-49B5-997E-6C69C1DD320E}.Release|Any CPU.Build.0 = Release|Any CPU
	EndGlobalSection
	GlobalSection(SolutionProperties) = preSolution
		HideSolutionNode = FALSE
	EndGlobalSection
	GlobalSection(ExtensibilityGlobals) = postSolution
		SolutionGuid = {BCC84312-A4CE-416F-A527-BC0463501437}
	EndGlobalSection
EndGlobal
